
Microsoft Visual Studio Solution File, Format Version 12.00
# Visual Studio Version 17
VisualStudioVersion = 17.5.002.0
MinimumVisualStudioVersion = 10.0.40219.1
Project("{2150E333-8FDC-42A3-9474-1A3956D46DE8}") = "backend_api_csharp_dotnet8", "backend_api_csharp_dotnet8", "{3398FA33-7101-40A5-9693-7A2FDD9CBFEC}"
EndProject
Project("{2150E333-8FDC-42A3-9474-1A3956D46DE8}") = "src", "src", "{D56C5324-0DDA-43A8-8124-55D528F6B31E}"
EndProject
Project("{9A19103F-16F7-4668-BE54-9A1E7A4F7556}") = "resume_api", "backend_api_csharp_dotnet8\src\resume_api\resume_api.csproj", "{08D726E7-2FD1-4B91-B27E-4C279A654224}"
EndProject
Global
	GlobalSection(SolutionConfigurationPlatforms) = preSolution
		Debug|Any CPU = Debug|Any CPU
		Release|Any CPU = Release|Any CPU
	EndGlobalSection
	GlobalSection(ProjectConfigurationPlatforms) = postSolution
		{08D726E7-2FD1-4B91-B27E-4C279A654224}.Debug|Any CPU.ActiveCfg = Debug|Any CPU
		{08D726E7-2FD1-4B91-B27E-4C279A654224}.Debug|Any CPU.Build.0 = Debug|Any CPU
		{08D726E7-2FD1-4B91-B27E-4C279A654224}.Release|Any CPU.ActiveCfg = Release|Any CPU
		{08D726E7-2FD1-4B91-B27E-4C279A654224}.Release|Any CPU.Build.0 = Release|Any CPU
	EndGlobalSection
	GlobalSection(SolutionProperties) = preSolution
		HideSolutionNode = FALSE
	EndGlobalSection
	GlobalSection(NestedProjects) = preSolution
		{D56C5324-0DDA-43A8-8124-55D528F6B31E} = {3398FA33-7101-40A5-9693-7A2FDD9CBFEC}
		{08D726E7-2FD1-4B91-B27E-4C279A654224} = {D56C5324-0DDA-43A8-8124-55D528F6B31E}
	EndGlobalSection
	GlobalSection(ExtensibilityGlobals) = postSolution
		SolutionGuid = {491FEEA4-19D1-4F93-911E-C215360DE82C}
	EndGlobalSection
EndGlobal
